
Microsoft Visual Studio Solution File, Format Version 12.00
# Visual Studio Version 16
VisualStudioVersion = 16.0.32002.261
MinimumVisualStudioVersion = 10.0.40219.1
Project("{FAE04EC0-301F-11D3-BF4B-00C04F79EFBC}") = "murphy.vpo.API", "murphy.vpo.API\murphy.vpo.API.csproj", "{AF5D1A6F-6DA4-4626-9974-98C1928BACA8}"
	ProjectSection(ProjectDependencies) = postProject
		{3EE58F10-7117-42D3-80AB-BD94135D3141} = {3EE58F10-7117-42D3-80AB-BD94135D3141}
		{E402DB87-E8EE-4CE9-8436-609B0446DFA2} = {E402DB87-E8EE-4CE9-8436-609B0446DFA2}
		{608286AD-F537-471F-91DE-A815BAA60D6E} = {608286AD-F537-471F-91DE-A815BAA60D6E}
		{A26A4FF2-31AD-4A88-A2D8-4B5FF9894C9E} = {A26A4FF2-31AD-4A88-A2D8-4B5FF9894C9E}
	EndProjectSection
EndProject
Project("{FAE04EC0-301F-11D3-BF4B-00C04F79EFBC}") = "murphy.vpo.BAL", "murphy.vpo.BAL\murphy.vpo.BAL.csproj", "{608286AD-F537-471F-91DE-A815BAA60D6E}"
	ProjectSection(ProjectDependencies) = postProject
		{3EE58F10-7117-42D3-80AB-BD94135D3141} = {3EE58F10-7117-42D3-80AB-BD94135D3141}
		{E402DB87-E8EE-4CE9-8436-609B0446DFA2} = {E402DB87-E8EE-4CE9-8436-609B0446DFA2}
	EndProjectSection
EndProject
Project("{FAE04EC0-301F-11D3-BF4B-00C04F79EFBC}") = "murphy.vpo.Core", "murphy.vpo.Core\murphy.vpo.Core.csproj", "{A26A4FF2-31AD-4A88-A2D8-4B5FF9894C9E}"
EndProject
Project("{FAE04EC0-301F-11D3-BF4B-00C04F79EFBC}") = "murphy.vpo.DAL", "murphy.vpo.DAL\murphy.vpo.DAL.csproj", "{E402DB87-E8EE-4CE9-8436-609B0446DFA2}"
	ProjectSection(ProjectDependencies) = postProject
		{3EE58F10-7117-42D3-80AB-BD94135D3141} = {3EE58F10-7117-42D3-80AB-BD94135D3141}
	EndProjectSection
EndProject
Project("{FAE04EC0-301F-11D3-BF4B-00C04F79EFBC}") = "murphy.vpo.Entity", "murphy.vpo.Entity\murphy.vpo.Entity.csproj", "{3EE58F10-7117-42D3-80AB-BD94135D3141}"
	ProjectSection(ProjectDependencies) = postProject
		{A26A4FF2-31AD-4A88-A2D8-4B5FF9894C9E} = {A26A4FF2-31AD-4A88-A2D8-4B5FF9894C9E}
	EndProjectSection
EndProject
Global
	GlobalSection(SolutionConfigurationPlatforms) = preSolution
		Debug|Any CPU = Debug|Any CPU
		Release|Any CPU = Release|Any CPU
	EndGlobalSection
	GlobalSection(ProjectConfigurationPlatforms) = postSolution
		{AF5D1A6F-6DA4-4626-9974-98C1928BACA8}.Debug|Any CPU.ActiveCfg = Debug|Any CPU
		{AF5D1A6F-6DA4-4626-9974-98C1928BACA8}.Debug|Any CPU.Build.0 = Debug|Any CPU
		{AF5D1A6F-6DA4-4626-9974-98C1928BACA8}.Release|Any CPU.ActiveCfg = Release|Any CPU
		{AF5D1A6F-6DA4-4626-9974-98C1928BACA8}.Release|Any CPU.Build.0 = Release|Any CPU
		{608286AD-F537-471F-91DE-A815BAA60D6E}.Debug|Any CPU.ActiveCfg = Debug|Any CPU
		{608286AD-F537-471F-91DE-A815BAA60D6E}.Debug|Any CPU.Build.0 = Debug|Any CPU
		{608286AD-F537-471F-91DE-A815BAA60D6E}.Release|Any CPU.ActiveCfg = Release|Any CPU
		{608286AD-F537-471F-91DE-A815BAA60D6E}.Release|Any CPU.Build.0 = Release|Any CPU
		{A26A4FF2-31AD-4A88-A2D8-4B5FF9894C9E}.Debug|Any CPU.ActiveCfg = Debug|Any CPU
		{A26A4FF2-31AD-4A88-A2D8-4B5FF9894C9E}.Debug|Any CPU.Build.0 = Debug|Any CPU
		{A26A4FF2-31AD-4A88-A2D8-4B5FF9894C9E}.Release|Any CPU.ActiveCfg = Release|Any CPU
		{A26A4FF2-31AD-4A88-A2D8-4B5FF9894C9E}.Release|Any CPU.Build.0 = Release|Any CPU
		{E402DB87-E8EE-4CE9-8436-609B0446DFA2}.Debug|Any CPU.ActiveCfg = Debug|Any CPU
		{E402DB87-E8EE-4CE9-8436-609B0446DFA2}.Debug|Any CPU.Build.0 = Debug|Any CPU
		{E402DB87-E8EE-4CE9-8436-609B0446DFA2}.Release|Any CPU.ActiveCfg = Release|Any CPU
		{E402DB87-E8EE-4CE9-8436-609B0446DFA2}.Release|Any CPU.Build.0 = Release|Any CPU
		{3EE58F10-7117-42D3-80AB-BD94135D3141}.Debug|Any CPU.ActiveCfg = Debug|Any CPU
		{3EE58F10-7117-42D3-80AB-BD94135D3141}.Debug|Any CPU.Build.0 = Debug|Any CPU
		{3EE58F10-7117-42D3-80AB-BD94135D3141}.Release|Any CPU.ActiveCfg = Release|Any CPU
		{3EE58F10-7117-42D3-80AB-BD94135D3141}.Release|Any CPU.Build.0 = Release|Any CPU
	EndGlobalSection
	GlobalSection(SolutionProperties) = preSolution
		HideSolutionNode = FALSE
	EndGlobalSection
	GlobalSection(ExtensibilityGlobals) = postSolution
		SolutionGuid = {7DF2CAC7-90D5-45AA-BB43-CF165B13FD05}
	EndGlobalSection
EndGlobal
